
Microsoft Visual Studio Solution File, Format Version 12.00
# Visual Studio Version 17
VisualStudioVersion = 17.3.32901.215
MinimumVisualStudioVersion = 10.0.40219.1
Project("{9A19103F-16F7-4668-BE54-9A1E7A4F7556}") = "livecoding", "livecoding.csproj", "{8DC1CDB5-1E72-456D-9285-C6AC25A3212F}"
EndProject
Project("{2150E333-8FDC-42A3-9474-1A3956D46DE8}") = "Elementi di soluzione", "Elementi di soluzione", "{D3D73607-B929-475C-8B51-21D997521080}"
	ProjectSection(SolutionItems) = preProject
		bin\Debug\net6.0\Libri Preferiti Bello.txt = bin\Debug\net6.0\Libri Preferiti Bello.txt
		bin\Debug\net6.0\libri.txt = bin\Debug\net6.0\libri.txt
	EndProjectSection
EndProject
Global
	GlobalSection(SolutionConfigurationPlatforms) = preSolution
		Debug|Any CPU = Debug|Any CPU
		Release|Any CPU = Release|Any CPU
	EndGlobalSection
	GlobalSection(ProjectConfigurationPlatforms) = postSolution
		{8DC1CDB5-1E72-456D-9285-C6AC25A3212F}.Debug|Any CPU.ActiveCfg = Debug|Any CPU
		{8DC1CDB5-1E72-456D-9285-C6AC25A3212F}.Debug|Any CPU.Build.0 = Debug|Any CPU
		{8DC1CDB5-1E72-456D-9285-C6AC25A3212F}.Release|Any CPU.ActiveCfg = Release|Any CPU
		{8DC1CDB5-1E72-456D-9285-C6AC25A3212F}.Release|Any CPU.Build.0 = Release|Any CPU
	EndGlobalSection
	GlobalSection(SolutionProperties) = preSolution
		HideSolutionNode = FALSE
	EndGlobalSection
	GlobalSection(ExtensibilityGlobals) = postSolution
		SolutionGuid = {E9FA7149-6C37-4C3D-994B-1683D3B2782D}
	EndGlobalSection
EndGlobal
